
Microsoft Visual Studio Solution File, Format Version 12.00
# Visual Studio Version 16
VisualStudioVersion = 16.0.29009.5
MinimumVisualStudioVersion = 10.0.40219.1
Project("{FAE04EC0-301F-11D3-BF4B-00C04F79EFBC}") = "ParseJsonData", "ParseJsonData\ParseJsonData.csproj", "{35B67FC9-215F-4EC8-A029-18D34EC97022}"
EndProject
Global
	GlobalSection(SolutionConfigurationPlatforms) = preSolution
		Debug|Any CPU = Debug|Any CPU
		Release|Any CPU = Release|Any CPU
	EndGlobalSection
	GlobalSection(ProjectConfigurationPlatforms) = postSolution
		{35B67FC9-215F-4EC8-A029-18D34EC97022}.Debug|Any CPU.ActiveCfg = Debug|Any CPU
		{35B67FC9-215F-4EC8-A029-18D34EC97022}.Debug|Any CPU.Build.0 = Debug|Any CPU
		{35B67FC9-215F-4EC8-A029-18D34EC97022}.Release|Any CPU.ActiveCfg = Release|Any CPU
		{35B67FC9-215F-4EC8-A029-18D34EC97022}.Release|Any CPU.Build.0 = Release|Any CPU
	EndGlobalSection
	GlobalSection(SolutionProperties) = preSolution
		HideSolutionNode = FALSE
	EndGlobalSection
	GlobalSection(ExtensibilityGlobals) = postSolution
		SolutionGuid = {42EA98AC-35E1-44CC-9E4E-60981C1094E4}
	EndGlobalSection
EndGlobal
